
Microsoft Visual Studio Solution File, Format Version 12.00
# Visual Studio Version 16
VisualStudioVersion = 16.0.30717.126
MinimumVisualStudioVersion = 10.0.40219.1
Project("{8BC9CEB8-8B4A-11D0-8D11-00A0C91BC942}") = "cvicenie8", "cvicenie8.vcxproj", "{73CFC106-6A4E-441E-9A43-CBCB69DB638B}"
EndProject
Global
	GlobalSection(SolutionConfigurationPlatforms) = preSolution
		Debug|x64 = Debug|x64
		Release|x64 = Release|x64
	EndGlobalSection
	GlobalSection(ProjectConfigurationPlatforms) = postSolution
		{73CFC106-6A4E-441E-9A43-CBCB69DB638B}.Debug|x64.ActiveCfg = Debug|x64
		{73CFC106-6A4E-441E-9A43-CBCB69DB638B}.Debug|x64.Build.0 = Debug|x64
		{73CFC106-6A4E-441E-9A43-CBCB69DB638B}.Release|x64.ActiveCfg = Release|x64
		{73CFC106-6A4E-441E-9A43-CBCB69DB638B}.Release|x64.Build.0 = Release|x64
	EndGlobalSection
	GlobalSection(SolutionProperties) = preSolution
		HideSolutionNode = FALSE
	EndGlobalSection
	GlobalSection(ExtensibilityGlobals) = postSolution
		SolutionGuid = {EBF12EA0-21A8-49C2-999F-ABAEC9BEDC6B}
	EndGlobalSection
EndGlobal
